
Microsoft Visual Studio Solution File, Format Version 12.00
# Visual Studio Version 17
VisualStudioVersion = 17.11.35312.102
MinimumVisualStudioVersion = 10.0.40219.1
Project("{FAE04EC0-301F-11D3-BF4B-00C04F79EFBC}") = "ExamQuesting1", "ExamQuesting1.csproj", "{F63AE03E-D86F-49D3-8D02-290712A1B24F}"
EndProject
Global
	GlobalSection(SolutionConfigurationPlatforms) = preSolution
		Debug|Any CPU = Debug|Any CPU
		Release|Any CPU = Release|Any CPU
	EndGlobalSection
	GlobalSection(ProjectConfigurationPlatforms) = postSolution
		{F63AE03E-D86F-49D3-8D02-290712A1B24F}.Debug|Any CPU.ActiveCfg = Debug|Any CPU
		{F63AE03E-D86F-49D3-8D02-290712A1B24F}.Debug|Any CPU.Build.0 = Debug|Any CPU
		{F63AE03E-D86F-49D3-8D02-290712A1B24F}.Release|Any CPU.ActiveCfg = Release|Any CPU
		{F63AE03E-D86F-49D3-8D02-290712A1B24F}.Release|Any CPU.Build.0 = Release|Any CPU
	EndGlobalSection
	GlobalSection(SolutionProperties) = preSolution
		HideSolutionNode = FALSE
	EndGlobalSection
	GlobalSection(ExtensibilityGlobals) = postSolution
		SolutionGuid = {18BE38AC-E827-4465-9B1E-2ABF6B35DC35}
	EndGlobalSection
EndGlobal
